PODS:
  - Braintree (5.27.0):
    - Braintree/Card (= 5.27.0)
    - Braintree/Core (= 5.27.0)
    - Braintree/PayPal (= 5.27.0)
  - Braintree/Card (5.27.0):
    - Braintree/Core
  - Braintree/Core (5.27.0)
  - Braintree/PayPal (5.27.0):
    - Braintree/Core
    - Braintree/PayPalDataCollector
  - Braintree/PayPalDataCollector (5.27.0)
  - Braintree/Venmo (5.27.0):
    - Braintree/Core
  - Flutter (1.0.0)
  - flutter_braintree_plugin (1.0.0):
    - Braintree (= 5.27.0)
    - Braintree/Venmo
    - Flutter

DEPENDENCIES:
  - Flutter (from `Flutter`)
  - flutter_braintree_plugin (from `.symlinks/plugins/flutter_braintree_plugin/ios`)

SPEC REPOS:
  trunk:
    - Braintree

EXTERNAL SOURCES:
  Flutter:
    :path: Flutter
  flutter_braintree_plugin:
    :path: ".symlinks/plugins/flutter_braintree_plugin/ios"

SPEC CHECKSUMS:
  Braintree: 9e88d36e660d95a89f920cec2351392d647c3fe5
  Flutter: e0871f40cf51350855a761d2e70bf5af5b9b5de7
  flutter_braintree_plugin: 5096aa18f338194d31a9ea2c5ac9d01d9ac36561

PODFILE CHECKSUM: cc1f88378b4bfcf93a6ce00d2c587857c6008d3b

COCOAPODS: 1.16.2
